{
    "name": "个性轮播图，这个轮播一定不会让你失望的！欢迎使用",
    "version": "1.0.1",
    "lockfileVersion": 1,
    "requires": true,
    "dependencies": {
        "@nutui/nutui": {
            "version": "2.3.10",
            "resolved": "https://registry.npmmirror.com/@nutui/nutui/-/nutui-2.3.10.tgz",
            "integrity": "sha512-lL/ks1BKJ1iCVu6seOMeBF+d81t7NN/qyWfftdFachX7K0COa+2JjrfBpl7Wg8XzynVQ3owXJaPb50X6Q6aUfg==",
            "requires": {
                "gsap": "^3.2.6",
                "hammerjs": "^2.0.8",
                "vue-lazyload": "^1.3.3"
            }
        },
        "gsap": {
            "version": "3.11.1",
            "resolved": "https://registry.npmmirror.com/gsap/-/gsap-3.11.1.tgz",
            "integrity": "sha512-UKuJ0UPhntFHMwT6URFQ4cTQv88xc7Kd9Dhxt7qX9IPhC+d+/a5wKW5E5Vn33hZ53nBI1JfApcEbzKgXkcuPZw=="
        },
        "hammerjs": {
            "version": "2.0.8",
            "resolved": "https://registry.npmmirror.com/hammerjs/-/hammerjs-2.0.8.tgz",
            "integrity": "sha512-tSQXBXS/MWQOn/RKckawJ61vvsDpCom87JgxiYdGwHdOa0ht0vzUWDlfioofFCRU0L+6NGDt6XzbgoJvZkMeRQ=="
        },
        "vue-lazyload": {
            "version": "1.3.4",
            "resolved": "https://registry.npmmirror.com/vue-lazyload/-/vue-lazyload-1.3.4.tgz",
            "integrity": "sha512-K0frbPQJuvFHVpdl/ov5CqCR/CHWeLGs8E8V1d/09DIETqBjeGhC1fLMmwUy3Go2Yd/VX610AZ7Mdn4B54592Q=="
        }
    }
}
